
Microsoft Visual Studio Solution File, Format Version 12.00
# Visual Studio 15
VisualStudioVersion = 15.0.28307.168
MinimumVisualStudioVersion = 10.0.40219.1
Project("{FAE04EC0-301F-11D3-BF4B-00C04F79EFBC}") = "EasyBadgeMVVM", "EasyBadgeMVVM\EasyBadgeMVVM.csproj", "{66A64318-3C7B-44A7-87DE-52381BF8C0BE}"
EndProject
Project("{FAE04EC0-301F-11D3-BF4B-00C04F79EFBC}") = "EasyBadgeMVVM.Tests", "EasyBadgeMVVM.Tests\EasyBadgeMVVM.Tests.csproj", "{193FCFD6-4A11-4E1F-8C12-8E0691220DE7}"
EndProject
Global
	GlobalSection(SolutionConfigurationPlatforms) = preSolution
		Debug|Any CPU = Debug|Any CPU
		Debug|x86 = Debug|x86
		Release|Any CPU = Release|Any CPU
		Release|x86 = Release|x86
	EndGlobalSection
	GlobalSection(ProjectConfigurationPlatforms) = postSolution
		{66A64318-3C7B-44A7-87DE-52381BF8C0BE}.Debug|Any CPU.ActiveCfg = Debug|Any CPU
		{66A64318-3C7B-44A7-87DE-52381BF8C0BE}.Debug|Any CPU.Build.0 = Debug|Any CPU
		{66A64318-3C7B-44A7-87DE-52381BF8C0BE}.Debug|x86.ActiveCfg = Debug|Any CPU
		{66A64318-3C7B-44A7-87DE-52381BF8C0BE}.Debug|x86.Build.0 = Debug|Any CPU
		{66A64318-3C7B-44A7-87DE-52381BF8C0BE}.Release|Any CPU.ActiveCfg = Release|Any CPU
		{66A64318-3C7B-44A7-87DE-52381BF8C0BE}.Release|Any CPU.Build.0 = Release|Any CPU
		{66A64318-3C7B-44A7-87DE-52381BF8C0BE}.Release|x86.ActiveCfg = Release|x86
		{66A64318-3C7B-44A7-87DE-52381BF8C0BE}.Release|x86.Build.0 = Release|x86
		{193FCFD6-4A11-4E1F-8C12-8E0691220DE7}.Debug|Any CPU.ActiveCfg = Debug|Any CPU
		{193FCFD6-4A11-4E1F-8C12-8E0691220DE7}.Debug|Any CPU.Build.0 = Debug|Any CPU
		{193FCFD6-4A11-4E1F-8C12-8E0691220DE7}.Debug|x86.ActiveCfg = Debug|Any CPU
		{193FCFD6-4A11-4E1F-8C12-8E0691220DE7}.Debug|x86.Build.0 = Debug|Any CPU
		{193FCFD6-4A11-4E1F-8C12-8E0691220DE7}.Release|Any CPU.ActiveCfg = Release|Any CPU
		{193FCFD6-4A11-4E1F-8C12-8E0691220DE7}.Release|Any CPU.Build.0 = Release|Any CPU
		{193FCFD6-4A11-4E1F-8C12-8E0691220DE7}.Release|x86.ActiveCfg = Release|Any CPU
		{193FCFD6-4A11-4E1F-8C12-8E0691220DE7}.Release|x86.Build.0 = Release|Any CPU
	EndGlobalSection
	GlobalSection(SolutionProperties) = preSolution
		HideSolutionNode = FALSE
	EndGlobalSection
	GlobalSection(ExtensibilityGlobals) = postSolution
		SolutionGuid = {69D5C384-5A55-45A9-853B-7ADB880D2DE1}
	EndGlobalSection
EndGlobal
